// !$*UTF8*$!
{
	archiveVersion = 1;
	classes = {
	};
	objectVersion = 46;
	objects = {

/* Begin PBXGroup section */
		073CF2E51E89CBBB006435C2 = {
			isa = PBXGroup;
			children = (
			);
			sourceTree = "<group>";
		};
/* End PBXGroup section */

/* Begin PBXProject section */
		073CF2E61E89CBBB006435C2 /* Project object */ = {
			isa = PBXProject;
			attributes = {
				LastUpgradeCheck = 0820;
			};
			buildConfigurationList = 073CF2E91E89CBBB006435C2 /* Build configuration list for PBXProject "KSOFontAwesomeExtensions" */;
			compatibilityVersion = "Xcode 3.2";
			developmentRegion = English;
			hasScannedForEncodings = 0;
			knownRegions = (
				en,
			);
			mainGroup = 073CF2E51E89CBBB006435C2;
			projectDirPath = "";
			projectRoot = "";
			targets = (
			);
		};
/* End PBXProject section */

/* Begin XCBuildConfiguration section */
		073CF2EA1E89CBBB006435C2 /* Debug */ = {
			isa = XCBuildConfiguration;
			buildSettings = {
			};
			name = Debug;
		};
		073CF2EB1E89CBBB006435C2 /* Release */ = {
			isa = XCBuildConfiguration;
			buildSettings = {
			};
			name = Release;
		};
/* End XCBuildConfiguration section */

/* Begin XCConfigurationList section */
		073CF2E91E89CBBB006435C2 /* Build configuration list for PBXProject "KSOFontAwesomeExtensions" */ = {
			isa = XCConfigurationList;
			buildConfigurations = (
				073CF2EA1E89CBBB006435C2 /* Debug */,
				073CF2EB1E89CBBB006435C2 /* Release */,
			);
			defaultConfigurationIsVisible = 0;
			defaultConfigurationName = Release;
		};
/* End XCConfigurationList section */
	};
	rootObject = 073CF2E61E89CBBB006435C2 /* Project object */;
}
